// !$*UTF8*$!
{
	archiveVersion = 1;
	classes = {
	};
	objectVersion = 50;
	objects = {

/* Begin PBXBuildFile section */
		2E3B0DB0237188A200242798 /* AppDelegate.swift in Sources */ = {isa = PBXBuildFile; fileRef = 2E3B0DAF237188A200242798 /* AppDelegate.swift */; };
		2E3B0DB2237188A200242798 /* HomeViewController.swift in Sources */ = {isa = PBXBuildFile; fileRef = 2E3B0DB1237188A200242798 /* HomeViewController.swift */; };
		2E3B0DB5237188A200242798 /* Main.storyboard in Resources */ = {isa = PBXBuildFile; fileRef = 2E3B0DB3237188A200242798 /* Main.storyboard */; };
		2E3B0DB7237188A400242798 /* Assets.xcassets in Resources */ = {isa = PBXBuildFile; fileRef = 2E3B0DB6237188A400242798 /* Assets.xcassets */; };
		2E3B0DBA237188A400242798 /* LaunchScreen.storyboard in Resources */ = {isa = PBXBuildFile; fileRef = 2E3B0DB8237188A400242798 /* LaunchScreen.storyboard */; };
		2E3B0DC723718B5600242798 /* SnapKit.framework in Frameworks */ = {isa = PBXBuildFile; fileRef = 2E3B0DC623718B5600242798 /* SnapKit.framework */; };
		2EA921B22382ADDC00360AE0 /* HomeView.swift in Sources */ = {isa = PBXBuildFile; fileRef = 2EA921B12382ADDC00360AE0 /* HomeView.swift */; };
		2EA921BB238302D500360AE0 /* HomeCoordinator.swift in Sources */ = {isa = PBXBuildFile; fileRef = 2EA921BA238302D500360AE0 /* HomeCoordinator.swift */; };
		2EA921BD2383038300360AE0 /* HomeViewModel.swift in Sources */ = {isa = PBXBuildFile; fileRef = 2EA921BC2383038300360AE0 /* HomeViewModel.swift */; };
		2ED671C7237BD09D00873E05 /* Realm.framework in Frameworks */ = {isa = PBXBuildFile; fileRef = 2ED671C6237BD09D00873E05 /* Realm.framework */; };
		2ED671C9237BD0A800873E05 /* RealmSwift.framework in Frameworks */ = {isa = PBXBuildFile; fileRef = 2ED671C8237BD0A800873E05 /* RealmSwift.framework */; };
/* End PBXBuildFile section */

/* Begin PBXFileReference section */
		2E3B0DAF237188A200242798 /* AppDelegate.swift */ = {isa = PBXFileReference; lastKnownFileType = sourcecode.swift; path = AppDelegate.swift; sourceTree = "<group>"; };
		2E3B0DB1237188A200242798 /* HomeViewController.swift */ = {isa = PBXFileReference; lastKnownFileType = sourcecode.swift; path = HomeViewController.swift; sourceTree = "<group>"; };
		2E3B0DB4237188A200242798 /* Base */ = {isa = PBXFileReference; lastKnownFileType = file.storyboard; name = Base; path = Base.lproj/Main.storyboard; sourceTree = "<group>"; };
		2E3B0DB6237188A400242798 /* Assets.xcassets */ = {isa = PBXFileReference; lastKnownFileType = folder.assetcatalog; path = Assets.xcassets; sourceTree = "<group>"; };
		2E3B0DB9237188A400242798 /* Base */ = {isa = PBXFileReference; lastKnownFileType = file.storyboard; name = Base; path = Base.lproj/LaunchScreen.storyboard; sourceTree = "<group>"; };
		2E3B0DBB237188A400242798 /* Info.plist */ = {isa = PBXFileReference; lastKnownFileType = text.plist.xml; path = Info.plist; sourceTree = "<group>"; };
		2E3B0DC623718B5600242798 /* SnapKit.framework */ = {isa = PBXFileReference; lastKnownFileType = wrapper.framework; name = SnapKit.framework; path = Carthage/Build/iOS/SnapKit.framework; sourceTree = "<group>"; };
		2EA921B12382ADDC00360AE0 /* HomeView.swift */ = {isa = PBXFileReference; lastKnownFileType = sourcecode.swift; path = HomeView.swift; sourceTree = "<group>"; };
		2EA921BA238302D500360AE0 /* HomeCoordinator.swift */ = {isa = PBXFileReference; lastKnownFileType = sourcecode.swift; path = HomeCoordinator.swift; sourceTree = "<group>"; };
		2EA921BC2383038300360AE0 /* HomeViewModel.swift */ = {isa = PBXFileReference; lastKnownFileType = sourcecode.swift; path = HomeViewModel.swift; sourceTree = "<group>"; };
		2ED671C6237BD09D00873E05 /* Realm.framework */ = {isa = PBXFileReference; lastKnownFileType = wrapper.framework; name = Realm.framework; path = Carthage/Build/iOS/Realm.framework; sourceTree = "<group>"; };
		2ED671C8237BD0A800873E05 /* RealmSwift.framework */ = {isa = PBXFileReference; lastKnownFileType = wrapper.framework; name = RealmSwift.framework; path = Carthage/Build/iOS/RealmSwift.framework; sourceTree = "<group>"; };
		2EE4F78F237A7D7700F8555D /* Temp.app */ = {isa = PBXFileReference; explicitFileType = wrapper.application; includeInIndex = 0; path = Temp.app; sourceTree = BUILT_PRODUCTS_DIR; };
/* End PBXFileReference section */

/* Begin PBXFrameworksBuildPhase section */
		2E3B0DA9237188A200242798 /* Frameworks */ = {
			isa = PBXFrameworksBuildPhase;
			buildActionMask = 2147483647;
			files = (
				2ED671C9237BD0A800873E05 /* RealmSwift.framework in Frameworks */,
				2ED671C7237BD09D00873E05 /* Realm.framework in Frameworks */,
				2E3B0DC723718B5600242798 /* SnapKit.framework in Frameworks */,
			);
			runOnlyForDeploymentPostprocessing = 0;
		};
/* End PBXFrameworksBuildPhase section */

/* Begin PBXGroup section */
		2E3B0DA3237188A200242798 = {
			isa = PBXGroup;
			children = (
				2E3B0DAE237188A200242798 /* Temp */,
				2E3B0DC523718B5600242798 /* Frameworks */,
				2EE4F78F237A7D7700F8555D /* Temp.app */,
			);
			sourceTree = "<group>";
		};
		2E3B0DAE237188A200242798 /* Temp */ = {
			isa = PBXGroup;
			children = (
				2E3B0DAF237188A200242798 /* AppDelegate.swift */,
				2EA921B82383028900360AE0 /* Screens */,
				2E3B0DB6237188A400242798 /* Assets.xcassets */,
				2E3B0DB3237188A200242798 /* Main.storyboard */,
				2E3B0DB8237188A400242798 /* LaunchScreen.storyboard */,
				2E3B0DBB237188A400242798 /* Info.plist */,
			);
			path = Temp;
			sourceTree = "<group>";
		};
		2E3B0DC523718B5600242798 /* Frameworks */ = {
			isa = PBXGroup;
			children = (
				2ED671C8237BD0A800873E05 /* RealmSwift.framework */,
				2ED671C6237BD09D00873E05 /* Realm.framework */,
				2E3B0DC623718B5600242798 /* SnapKit.framework */,
			);
			name = Frameworks;
			sourceTree = "<group>";
		};
		2EA921B82383028900360AE0 /* Screens */ = {
			isa = PBXGroup;
			children = (
				2EA921B9238302B000360AE0 /* Home */,
			);
			name = Screens;
			sourceTree = "<group>";
		};
		2EA921B9238302B000360AE0 /* Home */ = {
			isa = PBXGroup;
			children = (
				2EA921BA238302D500360AE0 /* HomeCoordinator.swift */,
				2EA921B12382ADDC00360AE0 /* HomeView.swift */,
				2E3B0DB1237188A200242798 /* HomeViewController.swift */,
				2EA921BC2383038300360AE0 /* HomeViewModel.swift */,
			);
			name = Home;
			sourceTree = "<group>";
		};
/* End PBXGroup section */

/* Begin PBXNativeTarget section */
		2E3B0DAB237188A200242798 /* Temp */ = {
			isa = PBXNativeTarget;
			buildConfigurationList = 2E3B0DBE237188A400242798 /* Build configuration list for PBXNativeTarget "Temp" */;
			buildPhases = (
				2E3B0DA8237188A200242798 /* Sources */,
				2E3B0DA9237188A200242798 /* Frameworks */,
				2E3B0DAA237188A200242798 /* Resources */,
				2E3B0DC823718B6300242798 /* ShellScript */,
			);
			buildRules = (
			);
			dependencies = (
			);
			name = Temp;
			productName = Temp;
			productReference = 2EE4F78F237A7D7700F8555D /* Temp.app */;
			productType = "com.apple.product-type.application";
		};
/* End PBXNativeTarget section */

/* Begin PBXProject section */
		2E3B0DA4237188A200242798 /* Project object */ = {
			isa = PBXProject;
			attributes = {
				LastSwiftUpdateCheck = 1030;
				LastUpgradeCheck = 1030;
				ORGANIZATIONNAME = "Egor Syrtcov";
				TargetAttributes = {
					2E3B0DAB237188A200242798 = {
						CreatedOnToolsVersion = 10.3;
					};
				};
			};
			buildConfigurationList = 2E3B0DA7237188A200242798 /* Build configuration list for PBXProject "Temp" */;
			compatibilityVersion = "Xcode 9.3";
			developmentRegion = en;
			hasScannedForEncodings = 0;
			knownRegions = (
				en,
				Base,
			);
			mainGroup = 2E3B0DA3237188A200242798;
			productRefGroup = 2E3B0DA3237188A200242798;
			projectDirPath = "";
			projectRoot = "";
			targets = (
				2E3B0DAB237188A200242798 /* Temp */,
			);
		};
/* End PBXProject section */

/* Begin PBXResourcesBuildPhase section */
		2E3B0DAA237188A200242798 /* Resources */ = {
			isa = PBXResourcesBuildPhase;
			buildActionMask = 2147483647;
			files = (
				2E3B0DBA237188A400242798 /* LaunchScreen.storyboard in Resources */,
				2E3B0DB7237188A400242798 /* Assets.xcassets in Resources */,
				2E3B0DB5237188A200242798 /* Main.storyboard in Resources */,
			);
			runOnlyForDeploymentPostprocessing = 0;
		};
/* End PBXResourcesBuildPhase section */

/* Begin PBXShellScriptBuildPhase section */
		2E3B0DC823718B6300242798 /* ShellScript */ = {
			isa = PBXShellScriptBuildPhase;
			buildActionMask = 2147483647;
			files = (
			);
			inputFileListPaths = (
			);
			inputPaths = (
				"$(SRCROOT)/Carthage/Build/iOS/SnapKit.framework/",
				"$(SRCROOT)/Carthage/Build/iOS/Realm.framework/",
				"$(SRCROOT)/Carthage/Build/iOS/RealmSwift.framework/",
			);
			outputFileListPaths = (
			);
			outputPaths = (
			);
			runOnlyForDeploymentPostprocessing = 0;
			shellPath = /bin/sh;
			shellScript = "/usr/local/bin/carthage copy-frameworks\n";
		};
/* End PBXShellScriptBuildPhase section */

/* Begin PBXSourcesBuildPhase section */
		2E3B0DA8237188A200242798 /* Sources */ = {
			isa = PBXSourcesBuildPhase;
			buildActionMask = 2147483647;
			files = (
				2EA921B22382ADDC00360AE0 /* HomeView.swift in Sources */,
				2EA921BB238302D500360AE0 /* HomeCoordinator.swift in Sources */,
				2E3B0DB2237188A200242798 /* HomeViewController.swift in Sources */,
				2EA921BD2383038300360AE0 /* HomeViewModel.swift in Sources */,
				2E3B0DB0237188A200242798 /* AppDelegate.swift in Sources */,
			);
			runOnlyForDeploymentPostprocessing = 0;
		};
/* End PBXSourcesBuildPhase section */

/* Begin PBXVariantGroup section */
		2E3B0DB3237188A200242798 /* Main.storyboard */ = {
			isa = PBXVariantGroup;
			children = (
				2E3B0DB4237188A200242798 /* Base */,
			);
			name = Main.storyboard;
			sourceTree = "<group>";
		};
		2E3B0DB8237188A400242798 /* LaunchScreen.storyboard */ = {
			isa = PBXVariantGroup;
			children = (
				2E3B0DB9237188A400242798 /* Base */,
			);
			name = LaunchScreen.storyboard;
			sourceTree = "<group>";
		};
/* End PBXVariantGroup section */

/* Begin XCBuildConfiguration section */
		2E3B0DBC237188A400242798 /* Debug */ = {
			isa = XCBuildConfiguration;
			buildSettings = {
				ALWAYS_SEARCH_USER_PATHS = NO;
				CLANG_ANALYZER_NONNULL = YES;
				CLANG_ANALYZER_NUMBER_OBJECT_CONVERSION = YES_AGGRESSIVE;
				CLANG_CXX_LANGUAGE_STANDARD = "gnu++14";
				CLANG_CXX_LIBRARY = "libc++";
				CLANG_ENABLE_MODULES = YES;
				CLANG_ENABLE_OBJC_ARC = YES;
				CLANG_ENABLE_OBJC_WEAK = YES;
				CLANG_WARN_BLOCK_CAPTURE_AUTORELEASING = YES;
				CLANG_WARN_BOOL_CONVERSION = YES;
				CLANG_WARN_COMMA = YES;
				CLANG_WARN_CONSTANT_CONVERSION = YES;
				CLANG_WARN_DEPRECATED_OBJC_IMPLEMENTATIONS = YES;
				CLANG_WARN_DIRECT_OBJC_ISA_USAGE = YES_ERROR;
				CLANG_WARN_DOCUMENTATION_COMMENTS = YES;
				CLANG_WARN_EMPTY_BODY = YES;
				CLANG_WARN_ENUM_CONVERSION = YES;
				CLANG_WARN_INFINITE_RECURSION = YES;
				CLANG_WARN_INT_CONVERSION = YES;
				CLANG_WARN_NON_LITERAL_NULL_CONVERSION = YES;
				CLANG_WARN_OBJC_IMPLICIT_RETAIN_SELF = YES;
				CLANG_WARN_OBJC_LITERAL_CONVERSION = YES;
				CLANG_WARN_OBJC_ROOT_CLASS = YES_ERROR;
				CLANG_WARN_RANGE_LOOP_ANALYSIS = YES;
				CLANG_WARN_STRICT_PROTOTYPES = YES;
				CLANG_WARN_SUSPICIOUS_MOVE = YES;
				CLANG_WARN_UNGUARDED_AVAILABILITY = YES_AGGRESSIVE;
				CLANG_WARN_UNREACHABLE_CODE = YES;
				CLANG_WARN__DUPLICATE_METHOD_MATCH = YES;
				CODE_SIGN_IDENTITY = "iPhone Developer";
				COPY_PHASE_STRIP = NO;
				DEBUG_INFORMATION_FORMAT = dwarf;
				ENABLE_STRICT_OBJC_MSGSEND = YES;
				ENABLE_TESTABILITY = YES;
				GCC_C_LANGUAGE_STANDARD = gnu11;
				GCC_DYNAMIC_NO_PIC = NO;
				GCC_NO_COMMON_BLOCKS = YES;
				GCC_OPTIMIZATION_LEVEL = 0;
				GCC_PREPROCESSOR_DEFINITIONS = (
					"DEBUG=1",
					"$(inherited)",
				);
				GCC_WARN_64_TO_32_BIT_CONVERSION = YES;
				GCC_WARN_ABOUT_RETURN_TYPE = YES_ERROR;
				GCC_WARN_UNDECLARED_SELECTOR = YES;
				GCC_WARN_UNINITIALIZED_AUTOS = YES_AGGRESSIVE;
				GCC_WARN_UNUSED_FUNCTION = YES;
				GCC_WARN_UNUSED_VARIABLE = YES;
				IPHONEOS_DEPLOYMENT_TARGET = 12.4;
				MTL_ENABLE_DEBUG_INFO = INCLUDE_SOURCE;
				MTL_FAST_MATH = YES;
				ONLY_ACTIVE_ARCH = YES;
				SDKROOT = iphoneos;
				SWIFT_ACTIVE_COMPILATION_CONDITIONS = DEBUG;
				SWIFT_OPTIMIZATION_LEVEL = "-Onone";
			};
			name = Debug;
		};
		2E3B0DBD237188A400242798 /* Release */ = {
			isa = XCBuildConfiguration;
			buildSettings = {
				ALWAYS_SEARCH_USER_PATHS = NO;
				CLANG_ANALYZER_NONNULL = YES;
				CLANG_ANALYZER_NUMBER_OBJECT_CONVERSION = YES_AGGRESSIVE;
				CLANG_CXX_LANGUAGE_STANDARD = "gnu++14";
				CLANG_CXX_LIBRARY = "libc++";
				CLANG_ENABLE_MODULES = YES;
				CLANG_ENABLE_OBJC_ARC = YES;
				CLANG_ENABLE_OBJC_WEAK = YES;
				CLANG_WARN_BLOCK_CAPTURE_AUTORELEASING = YES;
				CLANG_WARN_BOOL_CONVERSION = YES;
				CLANG_WARN_COMMA = YES;
				CLANG_WARN_CONSTANT_CONVERSION = YES;
				CLANG_WARN_DEPRECATED_OBJC_IMPLEMENTATIONS = YES;
				CLANG_WARN_DIRECT_OBJC_ISA_USAGE = YES_ERROR;
				CLANG_WARN_DOCUMENTATION_COMMENTS = YES;
				CLANG_WARN_EMPTY_BODY = YES;
				CLANG_WARN_ENUM_CONVERSION = YES;
				CLANG_WARN_INFINITE_RECURSION = YES;
				CLANG_WARN_INT_CONVERSION = YES;
				CLANG_WARN_NON_LITERAL_NULL_CONVERSION = YES;
				CLANG_WARN_OBJC_IMPLICIT_RETAIN_SELF = YES;
				CLANG_WARN_OBJC_LITERAL_CONVERSION = YES;
				CLANG_WARN_OBJC_ROOT_CLASS = YES_ERROR;
				CLANG_WARN_RANGE_LOOP_ANALYSIS = YES;
				CLANG_WARN_STRICT_PROTOTYPES = YES;
				CLANG_WARN_SUSPICIOUS_MOVE = YES;
				CLANG_WARN_UNGUARDED_AVAILABILITY = YES_AGGRESSIVE;
				CLANG_WARN_UNREACHABLE_CODE = YES;
				CLANG_WARN__DUPLICATE_METHOD_MATCH = YES;
				CODE_SIGN_IDENTITY = "iPhone Developer";
				COPY_PHASE_STRIP = NO;
				DEBUG_INFORMATION_FORMAT = "dwarf-with-dsym";
				ENABLE_NS_ASSERTIONS = NO;
				ENABLE_STRICT_OBJC_MSGSEND = YES;
				GCC_C_LANGUAGE_STANDARD = gnu11;
				GCC_NO_COMMON_BLOCKS = YES;
				GCC_WARN_64_TO_32_BIT_CONVERSION = YES;
				GCC_WARN_ABOUT_RETURN_TYPE = YES_ERROR;
				GCC_WARN_UNDECLARED_SELECTOR = YES;
				GCC_WARN_UNINITIALIZED_AUTOS = YES_AGGRESSIVE;
				GCC_WARN_UNUSED_FUNCTION = YES;
				GCC_WARN_UNUSED_VARIABLE = YES;
				IPHONEOS_DEPLOYMENT_TARGET = 12.4;
				MTL_ENABLE_DEBUG_INFO = NO;
				MTL_FAST_MATH = YES;
				SDKROOT = iphoneos;
				SWIFT_COMPILATION_MODE = wholemodule;
				SWIFT_OPTIMIZATION_LEVEL = "-O";
				VALIDATE_PRODUCT = YES;
			};
			name = Release;
		};
		2E3B0DBF237188A400242798 /* Debug */ = {
			isa = XCBuildConfiguration;
			buildSettings = {
				ASSETCATALOG_COMPILER_APPICON_NAME = AppIcon;
				CODE_SIGN_STYLE = Automatic;
				DEVELOPMENT_TEAM = FFYJJ79MSE;
				FRAMEWORK_SEARCH_PATHS = (
					"$(inherited)",
					"$(PROJECT_DIR)/Carthage/Build/iOS",
				);
				INFOPLIST_FILE = Temp/Info.plist;
				IPHONEOS_DEPLOYMENT_TARGET = 12.0;
				LD_RUNPATH_SEARCH_PATHS = (
					"$(inherited)",
					"@executable_path/Frameworks",
				);
				PRODUCT_BUNDLE_IDENTIFIER = "sev-84.Temp";
				PRODUCT_NAME = "$(TARGET_NAME)";
				SWIFT_VERSION = 5.0;
				TARGETED_DEVICE_FAMILY = "1,2";
			};
			name = Debug;
		};
		2E3B0DC0237188A400242798 /* Release */ = {
			isa = XCBuildConfiguration;
			buildSettings = {
				ASSETCATALOG_COMPILER_APPICON_NAME = AppIcon;
				CODE_SIGN_STYLE = Automatic;
				DEVELOPMENT_TEAM = FFYJJ79MSE;
				FRAMEWORK_SEARCH_PATHS = (
					"$(inherited)",
					"$(PROJECT_DIR)/Carthage/Build/iOS",
				);
				INFOPLIST_FILE = Temp/Info.plist;
				IPHONEOS_DEPLOYMENT_TARGET = 12.0;
				LD_RUNPATH_SEARCH_PATHS = (
					"$(inherited)",
					"@executable_path/Frameworks",
				);
				PRODUCT_BUNDLE_IDENTIFIER = "sev-84.Temp";
				PRODUCT_NAME = "$(TARGET_NAME)";
				SWIFT_VERSION = 5.0;
				TARGETED_DEVICE_FAMILY = "1,2";
			};
			name = Release;
		};
/* End XCBuildConfiguration section */

/* Begin XCConfigurationList section */
		2E3B0DA7237188A200242798 /* Build configuration list for PBXProject "Temp" */ = {
			isa = XCConfigurationList;
			buildConfigurations = (
				2E3B0DBC237188A400242798 /* Debug */,
				2E3B0DBD237188A400242798 /* Release */,
			);
			defaultConfigurationIsVisible = 0;
			defaultConfigurationName = Release;
		};
		2E3B0DBE237188A400242798 /* Build configuration list for PBXNativeTarget "Temp" */ = {
			isa = XCConfigurationList;
			buildConfigurations = (
				2E3B0DBF237188A400242798 /* Debug */,
				2E3B0DC0237188A400242798 /* Release */,
			);
			defaultConfigurationIsVisible = 0;
			defaultConfigurationName = Release;
		};
/* End XCConfigurationList section */
	};
	rootObject = 2E3B0DA4237188A200242798 /* Project object */;
}
